
Microsoft Visual Studio Solution File, Format Version 12.00
# Visual Studio Version 17
VisualStudioVersion = 17.14.36518.9
MinimumVisualStudioVersion = 10.0.40219.1
Project("{FAE04EC0-301F-11D3-BF4B-00C04F79EFBC}") = "PronaFlow.Core", "PronaFlow.Core\PronaFlow.Core.csproj", "{14E85685-F7E1-4C87-9407-882ACBD0A7B9}"
EndProject
Project("{FAE04EC0-301F-11D3-BF4B-00C04F79EFBC}") = "PronaFlow.API", "PronaFlow.API\PronaFlow.API.csproj", "{824F4EDB-4FDE-A2A0-3B3C-D23C8FEF3599}"
EndProject
Project("{FAE04EC0-301F-11D3-BF4B-00C04F79EFBC}") = "PronaFLow.Services", "PronaFLow.Services\PronaFLow.Services.csproj", "{5FAFD719-4392-A106-3921-9BBB3AE394E1}"
EndProject
Global
	GlobalSection(SolutionConfigurationPlatforms) = preSolution
		Debug|Any CPU = Debug|Any CPU
		Release|Any CPU = Release|Any CPU
	EndGlobalSection
	GlobalSection(ProjectConfigurationPlatforms) = postSolution
		{14E85685-F7E1-4C87-9407-882ACBD0A7B9}.Debug|Any CPU.ActiveCfg = Debug|Any CPU
		{14E85685-F7E1-4C87-9407-882ACBD0A7B9}.Debug|Any CPU.Build.0 = Debug|Any CPU
		{14E85685-F7E1-4C87-9407-882ACBD0A7B9}.Release|Any CPU.ActiveCfg = Release|Any CPU
		{14E85685-F7E1-4C87-9407-882ACBD0A7B9}.Release|Any CPU.Build.0 = Release|Any CPU
		{824F4EDB-4FDE-A2A0-3B3C-D23C8FEF3599}.Debug|Any CPU.ActiveCfg = Debug|Any CPU
		{824F4EDB-4FDE-A2A0-3B3C-D23C8FEF3599}.Debug|Any CPU.Build.0 = Debug|Any CPU
		{824F4EDB-4FDE-A2A0-3B3C-D23C8FEF3599}.Release|Any CPU.ActiveCfg = Release|Any CPU
		{824F4EDB-4FDE-A2A0-3B3C-D23C8FEF3599}.Release|Any CPU.Build.0 = Release|Any CPU
		{5FAFD719-4392-A106-3921-9BBB3AE394E1}.Debug|Any CPU.ActiveCfg = Debug|Any CPU
		{5FAFD719-4392-A106-3921-9BBB3AE394E1}.Debug|Any CPU.Build.0 = Debug|Any CPU
		{5FAFD719-4392-A106-3921-9BBB3AE394E1}.Release|Any CPU.ActiveCfg = Release|Any CPU
		{5FAFD719-4392-A106-3921-9BBB3AE394E1}.Release|Any CPU.Build.0 = Release|Any CPU
	EndGlobalSection
	GlobalSection(SolutionProperties) = preSolution
		HideSolutionNode = FALSE
	EndGlobalSection
	GlobalSection(ExtensibilityGlobals) = postSolution
		SolutionGuid = {2E98407B-736A-49D3-907C-79ACE3137CB9}
	EndGlobalSection
EndGlobal
